
Microsoft Visual Studio Solution File, Format Version 12.00
# Visual Studio Version 17
VisualStudioVersion = 17.6.33801.468
MinimumVisualStudioVersion = 10.0.40219.1
Project("{FAE04EC0-301F-11D3-BF4B-00C04F79EFBC}") = "ClassDiagram", "ClassDiagram\ClassDiagram.csproj", "{349F1ED7-6AAC-463B-94DB-CB282C0CB77F}"
EndProject
Global
	GlobalSection(SolutionConfigurationPlatforms) = preSolution
		Debug|Any CPU = Debug|Any CPU
		Release|Any CPU = Release|Any CPU
	EndGlobalSection
	GlobalSection(ProjectConfigurationPlatforms) = postSolution
		{349F1ED7-6AAC-463B-94DB-CB282C0CB77F}.Debug|Any CPU.ActiveCfg = Debug|Any CPU
		{349F1ED7-6AAC-463B-94DB-CB282C0CB77F}.Debug|Any CPU.Build.0 = Debug|Any CPU
		{349F1ED7-6AAC-463B-94DB-CB282C0CB77F}.Release|Any CPU.ActiveCfg = Release|Any CPU
		{349F1ED7-6AAC-463B-94DB-CB282C0CB77F}.Release|Any CPU.Build.0 = Release|Any CPU
	EndGlobalSection
	GlobalSection(SolutionProperties) = preSolution
		HideSolutionNode = FALSE
	EndGlobalSection
	GlobalSection(ExtensibilityGlobals) = postSolution
		SolutionGuid = {98938D30-AD54-45D7-B71E-7DF904994C09}
	EndGlobalSection
EndGlobal
